// !$*UTF8*$!
{
	archiveVersion = 1;
	classes = {
	};
	objectVersion = 50;
	objects = {

/* Begin PBXBuildFile section */
		784AA795254D0F4D009128DB /* AppDelegate.swift in Sources */ = {isa = PBXBuildFile; fileRef = 784AA794254D0F4D009128DB /* AppDelegate.swift */; };
		784AA797254D0F4D009128DB /* SceneDelegate.swift in Sources */ = {isa = PBXBuildFile; fileRef = 784AA796254D0F4D009128DB /* SceneDelegate.swift */; };
		784AA79B254D0F4E009128DB /* Assets.xcassets in Resources */ = {isa = PBXBuildFile; fileRef = 784AA79A254D0F4E009128DB /* Assets.xcassets */; };
		784AA79E254D0F4E009128DB /* Preview Assets.xcassets in Resources */ = {isa = PBXBuildFile; fileRef = 784AA79D254D0F4E009128DB /* Preview Assets.xcassets */; };
		784AA7A1254D0F4E009128DB /* LaunchScreen.storyboard in Resources */ = {isa = PBXBuildFile; fileRef = 784AA79F254D0F4E009128DB /* LaunchScreen.storyboard */; };
		784AA7AB254D1FE4009128DB /* MainViewController().swift in Sources */ = {isa = PBXBuildFile; fileRef = 784AA7AA254D1FE4009128DB /* MainViewController().swift */; };
		91D91407172FB1A76287EB59 /* Pods_SwiftFRP.framework in Frameworks */ = {isa = PBXBuildFile; fileRef = CF25C95E87D1F431A51D1E5C /* Pods_SwiftFRP.framework */; };
/* End PBXBuildFile section */

/* Begin PBXFileReference section */
		3C7C7318246D1FC41E612546 /* Pods-SwiftFRP.release.xcconfig */ = {isa = PBXFileReference; includeInIndex = 1; lastKnownFileType = text.xcconfig; name = "Pods-SwiftFRP.release.xcconfig"; path = "Target Support Files/Pods-SwiftFRP/Pods-SwiftFRP.release.xcconfig"; sourceTree = "<group>"; };
		784AA791254D0F4D009128DB /* SwiftFRP.app */ = {isa = PBXFileReference; explicitFileType = wrapper.application; includeInIndex = 0; path = SwiftFRP.app; sourceTree = BUILT_PRODUCTS_DIR; };
		784AA794254D0F4D009128DB /* AppDelegate.swift */ = {isa = PBXFileReference; lastKnownFileType = sourcecode.swift; path = AppDelegate.swift; sourceTree = "<group>"; };
		784AA796254D0F4D009128DB /* SceneDelegate.swift */ = {isa = PBXFileReference; lastKnownFileType = sourcecode.swift; path = SceneDelegate.swift; sourceTree = "<group>"; };
		784AA79A254D0F4E009128DB /* Assets.xcassets */ = {isa = PBXFileReference; lastKnownFileType = folder.assetcatalog; path = Assets.xcassets; sourceTree = "<group>"; };
		784AA79D254D0F4E009128DB /* Preview Assets.xcassets */ = {isa = PBXFileReference; lastKnownFileType = folder.assetcatalog; path = "Preview Assets.xcassets"; sourceTree = "<group>"; };
		784AA7A0254D0F4E009128DB /* Base */ = {isa = PBXFileReference; lastKnownFileType = file.storyboard; name = Base; path = Base.lproj/LaunchScreen.storyboard; sourceTree = "<group>"; };
		784AA7A2254D0F4E009128DB /* Info.plist */ = {isa = PBXFileReference; lastKnownFileType = text.plist.xml; path = Info.plist; sourceTree = "<group>"; };
		784AA7AA254D1FE4009128DB /* MainViewController().swift */ = {isa = PBXFileReference; lastKnownFileType = sourcecode.swift; path = "MainViewController().swift"; sourceTree = "<group>"; };
		CF25C95E87D1F431A51D1E5C /* Pods_SwiftFRP.framework */ = {isa = PBXFileReference; explicitFileType = wrapper.framework; includeInIndex = 0; path = Pods_SwiftFRP.framework; sourceTree = BUILT_PRODUCTS_DIR; };
		FA07646B1F06B50CB5DE2A16 /* Pods-SwiftFRP.debug.xcconfig */ = {isa = PBXFileReference; includeInIndex = 1; lastKnownFileType = text.xcconfig; name = "Pods-SwiftFRP.debug.xcconfig"; path = "Target Support Files/Pods-SwiftFRP/Pods-SwiftFRP.debug.xcconfig"; sourceTree = "<group>"; };
/* End PBXFileReference section */

/* Begin PBXFrameworksBuildPhase section */
		784AA78E254D0F4D009128DB /* Frameworks */ = {
			isa = PBXFrameworksBuildPhase;
			buildActionMask = 2147483647;
			files = (
				91D91407172FB1A76287EB59 /* Pods_SwiftFRP.framework in Frameworks */,
			);
			runOnlyForDeploymentPostprocessing = 0;
		};
/* End PBXFrameworksBuildPhase section */

/* Begin PBXGroup section */
		368B6346FF5ACD59640A0A3C /* Pods */ = {
			isa = PBXGroup;
			children = (
				FA07646B1F06B50CB5DE2A16 /* Pods-SwiftFRP.debug.xcconfig */,
				3C7C7318246D1FC41E612546 /* Pods-SwiftFRP.release.xcconfig */,
			);
			name = Pods;
			path = Pods;
			sourceTree = "<group>";
		};
		784AA788254D0F4D009128DB = {
			isa = PBXGroup;
			children = (
				784AA793254D0F4D009128DB /* SwiftFRP */,
				784AA792254D0F4D009128DB /* Products */,
				368B6346FF5ACD59640A0A3C /* Pods */,
				C7307C40482FE7D40C4C226E /* Frameworks */,
			);
			sourceTree = "<group>";
		};
		784AA792254D0F4D009128DB /* Products */ = {
			isa = PBXGroup;
			children = (
				784AA791254D0F4D009128DB /* SwiftFRP.app */,
			);
			name = Products;
			sourceTree = "<group>";
		};
		784AA793254D0F4D009128DB /* SwiftFRP */ = {
			isa = PBXGroup;
			children = (
				784AA794254D0F4D009128DB /* AppDelegate.swift */,
				784AA796254D0F4D009128DB /* SceneDelegate.swift */,
				784AA7AA254D1FE4009128DB /* MainViewController().swift */,
				784AA79A254D0F4E009128DB /* Assets.xcassets */,
				784AA79F254D0F4E009128DB /* LaunchScreen.storyboard */,
				784AA7A2254D0F4E009128DB /* Info.plist */,
				784AA79C254D0F4E009128DB /* Preview Content */,
			);
			path = SwiftFRP;
			sourceTree = "<group>";
		};
		784AA79C254D0F4E009128DB /* Preview Content */ = {
			isa = PBXGroup;
			children = (
				784AA79D254D0F4E009128DB /* Preview Assets.xcassets */,
			);
			path = "Preview Content";
			sourceTree = "<group>";
		};
		C7307C40482FE7D40C4C226E /* Frameworks */ = {
			isa = PBXGroup;
			children = (
				CF25C95E87D1F431A51D1E5C /* Pods_SwiftFRP.framework */,
			);
			name = Frameworks;
			sourceTree = "<group>";
		};
/* End PBXGroup section */

/* Begin PBXNativeTarget section */
		784AA790254D0F4D009128DB /* SwiftFRP */ = {
			isa = PBXNativeTarget;
			buildConfigurationList = 784AA7A5254D0F4E009128DB /* Build configuration list for PBXNativeTarget "SwiftFRP" */;
			buildPhases = (
				A7C10E94E56B3C788B80F7E4 /* [CP] Check Pods Manifest.lock */,
				784AA78D254D0F4D009128DB /* Sources */,
				784AA78E254D0F4D009128DB /* Frameworks */,
				784AA78F254D0F4D009128DB /* Resources */,
				90499274DCEFA1068057E2D1 /* [CP] Embed Pods Frameworks */,
			);
			buildRules = (
			);
			dependencies = (
			);
			name = SwiftFRP;
			productName = SwiftFRP;
			productReference = 784AA791254D0F4D009128DB /* SwiftFRP.app */;
			productType = "com.apple.product-type.application";
		};
/* End PBXNativeTarget section */

/* Begin PBXProject section */
		784AA789254D0F4D009128DB /* Project object */ = {
			isa = PBXProject;
			attributes = {
				LastSwiftUpdateCheck = 1200;
				LastUpgradeCheck = 1200;
				TargetAttributes = {
					784AA790254D0F4D009128DB = {
						CreatedOnToolsVersion = 12.0;
					};
				};
			};
			buildConfigurationList = 784AA78C254D0F4D009128DB /* Build configuration list for PBXProject "SwiftFRP" */;
			compatibilityVersion = "Xcode 9.3";
			developmentRegion = en;
			hasScannedForEncodings = 0;
			knownRegions = (
				en,
				Base,
			);
			mainGroup = 784AA788254D0F4D009128DB;
			productRefGroup = 784AA792254D0F4D009128DB /* Products */;
			projectDirPath = "";
			projectRoot = "";
			targets = (
				784AA790254D0F4D009128DB /* SwiftFRP */,
			);
		};
/* End PBXProject section */

/* Begin PBXResourcesBuildPhase section */
		784AA78F254D0F4D009128DB /* Resources */ = {
			isa = PBXResourcesBuildPhase;
			buildActionMask = 2147483647;
			files = (
				784AA7A1254D0F4E009128DB /* LaunchScreen.storyboard in Resources */,
				784AA79E254D0F4E009128DB /* Preview Assets.xcassets in Resources */,
				784AA79B254D0F4E009128DB /* Assets.xcassets in Resources */,
			);
			runOnlyForDeploymentPostprocessing = 0;
		};
/* End PBXResourcesBuildPhase section */

/* Begin PBXShellScriptBuildPhase section */
		90499274DCEFA1068057E2D1 /* [CP] Embed Pods Frameworks */ = {
			isa = PBXShellScriptBuildPhase;
			buildActionMask = 2147483647;
			files = (
			);
			inputFileListPaths = (
				"${PODS_ROOT}/Target Support Files/Pods-SwiftFRP/Pods-SwiftFRP-frameworks-${CONFIGURATION}-input-files.xcfilelist",
			);
			name = "[CP] Embed Pods Frameworks";
			outputFileListPaths = (
				"${PODS_ROOT}/Target Support Files/Pods-SwiftFRP/Pods-SwiftFRP-frameworks-${CONFIGURATION}-output-files.xcfilelist",
			);
			runOnlyForDeploymentPostprocessing = 0;
			shellPath = /bin/sh;
			shellScript = "\"${PODS_ROOT}/Target Support Files/Pods-SwiftFRP/Pods-SwiftFRP-frameworks.sh\"\n";
			showEnvVarsInLog = 0;
		};
		A7C10E94E56B3C788B80F7E4 /* [CP] Check Pods Manifest.lock */ = {
			isa = PBXShellScriptBuildPhase;
			buildActionMask = 2147483647;
			files = (
			);
			inputFileListPaths = (
			);
			inputPaths = (
				"${PODS_PODFILE_DIR_PATH}/Podfile.lock",
				"${PODS_ROOT}/Manifest.lock",
			);
			name = "[CP] Check Pods Manifest.lock";
			outputFileListPaths = (
			);
			outputPaths = (
				"$(DERIVED_FILE_DIR)/Pods-SwiftFRP-checkManifestLockResult.txt",
			);
			runOnlyForDeploymentPostprocessing = 0;
			shellPath = /bin/sh;
			shellScript = "diff \"${PODS_PODFILE_DIR_PATH}/Podfile.lock\" \"${PODS_ROOT}/Manifest.lock\" > /dev/null\nif [ $? != 0 ] ; then\n    # print error to STDERR\n    echo \"error: The sandbox is not in sync with the Podfile.lock. Run 'pod install' or update your CocoaPods installation.\" >&2\n    exit 1\nfi\n# This output is used by Xcode 'outputs' to avoid re-running this script phase.\necho \"SUCCESS\" > \"${SCRIPT_OUTPUT_FILE_0}\"\n";
			showEnvVarsInLog = 0;
		};
/* End PBXShellScriptBuildPhase section */

/* Begin PBXSourcesBuildPhase section */
		784AA78D254D0F4D009128DB /* Sources */ = {
			isa = PBXSourcesBuildPhase;
			buildActionMask = 2147483647;
			files = (
				784AA795254D0F4D009128DB /* AppDelegate.swift in Sources */,
				784AA797254D0F4D009128DB /* SceneDelegate.swift in Sources */,
				784AA7AB254D1FE4009128DB /* MainViewController().swift in Sources */,
			);
			runOnlyForDeploymentPostprocessing = 0;
		};
/* End PBXSourcesBuildPhase section */

/* Begin PBXVariantGroup section */
		784AA79F254D0F4E009128DB /* LaunchScreen.storyboard */ = {
			isa = PBXVariantGroup;
			children = (
				784AA7A0254D0F4E009128DB /* Base */,
			);
			name = LaunchScreen.storyboard;
			sourceTree = "<group>";
		};
/* End PBXVariantGroup section */

/* Begin XCBuildConfiguration section */
		784AA7A3254D0F4E009128DB /* Debug */ = {
			isa = XCBuildConfiguration;
			buildSettings = {
				ALWAYS_SEARCH_USER_PATHS = NO;
				CLANG_ANALYZER_NONNULL = YES;
				CLANG_ANALYZER_NUMBER_OBJECT_CONVERSION = YES_AGGRESSIVE;
				CLANG_CXX_LANGUAGE_STANDARD = "gnu++14";
				CLANG_CXX_LIBRARY = "libc++";
				CLANG_ENABLE_MODULES = YES;
				CLANG_ENABLE_OBJC_ARC = YES;
				CLANG_ENABLE_OBJC_WEAK = YES;
				CLANG_WARN_BLOCK_CAPTURE_AUTORELEASING = YES;
				CLANG_WARN_BOOL_CONVERSION = YES;
				CLANG_WARN_COMMA = YES;
				CLANG_WARN_CONSTANT_CONVERSION = YES;
				CLANG_WARN_DEPRECATED_OBJC_IMPLEMENTATIONS = YES;
				CLANG_WARN_DIRECT_OBJC_ISA_USAGE = YES_ERROR;
				CLANG_WARN_DOCUMENTATION_COMMENTS = YES;
				CLANG_WARN_EMPTY_BODY = YES;
				CLANG_WARN_ENUM_CONVERSION = YES;
				CLANG_WARN_INFINITE_RECURSION = YES;
				CLANG_WARN_INT_CONVERSION = YES;
				CLANG_WARN_NON_LITERAL_NULL_CONVERSION = YES;
				CLANG_WARN_OBJC_IMPLICIT_RETAIN_SELF = YES;
				CLANG_WARN_OBJC_LITERAL_CONVERSION = YES;
				CLANG_WARN_OBJC_ROOT_CLASS = YES_ERROR;
				CLANG_WARN_QUOTED_INCLUDE_IN_FRAMEWORK_HEADER = YES;
				CLANG_WARN_RANGE_LOOP_ANALYSIS = YES;
				CLANG_WARN_STRICT_PROTOTYPES = YES;
				CLANG_WARN_SUSPICIOUS_MOVE = YES;
				CLANG_WARN_UNGUARDED_AVAILABILITY = YES_AGGRESSIVE;
				CLANG_WARN_UNREACHABLE_CODE = YES;
				CLANG_WARN__DUPLICATE_METHOD_MATCH = YES;
				COPY_PHASE_STRIP = NO;
				DEBUG_INFORMATION_FORMAT = dwarf;
				ENABLE_STRICT_OBJC_MSGSEND = YES;
				ENABLE_TESTABILITY = YES;
				GCC_C_LANGUAGE_STANDARD = gnu11;
				GCC_DYNAMIC_NO_PIC = NO;
				GCC_NO_COMMON_BLOCKS = YES;
				GCC_OPTIMIZATION_LEVEL = 0;
				GCC_PREPROCESSOR_DEFINITIONS = (
					"DEBUG=1",
					"$(inherited)",
				);
				GCC_WARN_64_TO_32_BIT_CONVERSION = YES;
				GCC_WARN_ABOUT_RETURN_TYPE = YES_ERROR;
				GCC_WARN_UNDECLARED_SELECTOR = YES;
				GCC_WARN_UNINITIALIZED_AUTOS = YES_AGGRESSIVE;
				GCC_WARN_UNUSED_FUNCTION = YES;
				GCC_WARN_UNUSED_VARIABLE = YES;
				IPHONEOS_DEPLOYMENT_TARGET = 14.0;
				MTL_ENABLE_DEBUG_INFO = INCLUDE_SOURCE;
				MTL_FAST_MATH = YES;
				ONLY_ACTIVE_ARCH = YES;
				SDKROOT = iphoneos;
				SWIFT_ACTIVE_COMPILATION_CONDITIONS = DEBUG;
				SWIFT_OPTIMIZATION_LEVEL = "-Onone";
			};
			name = Debug;
		};
		784AA7A4254D0F4E009128DB /* Release */ = {
			isa = XCBuildConfiguration;
			buildSettings = {
				ALWAYS_SEARCH_USER_PATHS = NO;
				CLANG_ANALYZER_NONNULL = YES;
				CLANG_ANALYZER_NUMBER_OBJECT_CONVERSION = YES_AGGRESSIVE;
				CLANG_CXX_LANGUAGE_STANDARD = "gnu++14";
				CLANG_CXX_LIBRARY = "libc++";
				CLANG_ENABLE_MODULES = YES;
				CLANG_ENABLE_OBJC_ARC = YES;
				CLANG_ENABLE_OBJC_WEAK = YES;
				CLANG_WARN_BLOCK_CAPTURE_AUTORELEASING = YES;
				CLANG_WARN_BOOL_CONVERSION = YES;
				CLANG_WARN_COMMA = YES;
				CLANG_WARN_CONSTANT_CONVERSION = YES;
				CLANG_WARN_DEPRECATED_OBJC_IMPLEMENTATIONS = YES;
				CLANG_WARN_DIRECT_OBJC_ISA_USAGE = YES_ERROR;
				CLANG_WARN_DOCUMENTATION_COMMENTS = YES;
				CLANG_WARN_EMPTY_BODY = YES;
				CLANG_WARN_ENUM_CONVERSION = YES;
				CLANG_WARN_INFINITE_RECURSION = YES;
				CLANG_WARN_INT_CONVERSION = YES;
				CLANG_WARN_NON_LITERAL_NULL_CONVERSION = YES;
				CLANG_WARN_OBJC_IMPLICIT_RETAIN_SELF = YES;
				CLANG_WARN_OBJC_LITERAL_CONVERSION = YES;
				CLANG_WARN_OBJC_ROOT_CLASS = YES_ERROR;
				CLANG_WARN_QUOTED_INCLUDE_IN_FRAMEWORK_HEADER = YES;
				CLANG_WARN_RANGE_LOOP_ANALYSIS = YES;
				CLANG_WARN_STRICT_PROTOTYPES = YES;
				CLANG_WARN_SUSPICIOUS_MOVE = YES;
				CLANG_WARN_UNGUARDED_AVAILABILITY = YES_AGGRESSIVE;
				CLANG_WARN_UNREACHABLE_CODE = YES;
				CLANG_WARN__DUPLICATE_METHOD_MATCH = YES;
				COPY_PHASE_STRIP = NO;
				DEBUG_INFORMATION_FORMAT = "dwarf-with-dsym";
				ENABLE_NS_ASSERTIONS = NO;
				ENABLE_STRICT_OBJC_MSGSEND = YES;
				GCC_C_LANGUAGE_STANDARD = gnu11;
				GCC_NO_COMMON_BLOCKS = YES;
				GCC_WARN_64_TO_32_BIT_CONVERSION = YES;
				GCC_WARN_ABOUT_RETURN_TYPE = YES_ERROR;
				GCC_WARN_UNDECLARED_SELECTOR = YES;
				GCC_WARN_UNINITIALIZED_AUTOS = YES_AGGRESSIVE;
				GCC_WARN_UNUSED_FUNCTION = YES;
				GCC_WARN_UNUSED_VARIABLE = YES;
				IPHONEOS_DEPLOYMENT_TARGET = 14.0;
				MTL_ENABLE_DEBUG_INFO = NO;
				MTL_FAST_MATH = YES;
				SDKROOT = iphoneos;
				SWIFT_COMPILATION_MODE = wholemodule;
				SWIFT_OPTIMIZATION_LEVEL = "-O";
				VALIDATE_PRODUCT = YES;
			};
			name = Release;
		};
		784AA7A6254D0F4E009128DB /* Debug */ = {
			isa = XCBuildConfiguration;
			baseConfigurationReference = FA07646B1F06B50CB5DE2A16 /* Pods-SwiftFRP.debug.xcconfig */;
			buildSettings = {
				ASSETCATALOG_COMPILER_APPICON_NAME = AppIcon;
				ASSETCATALOG_COMPILER_GLOBAL_ACCENT_COLOR_NAME = AccentColor;
				CODE_SIGN_STYLE = Automatic;
				DEVELOPMENT_ASSET_PATHS = "\"SwiftFRP/Preview Content\"";
				DEVELOPMENT_TEAM = 7AV259SP85;
				ENABLE_PREVIEWS = YES;
				INFOPLIST_FILE = SwiftFRP/Info.plist;
				LD_RUNPATH_SEARCH_PATHS = (
					"$(inherited)",
					"@executable_path/Frameworks",
				);
				PRODUCT_BUNDLE_IDENTIFIER = hitit.SwiftFRP;
				PRODUCT_NAME = "$(TARGET_NAME)";
				SWIFT_VERSION = 5.0;
				TARGETED_DEVICE_FAMILY = "1,2";
			};
			name = Debug;
		};
		784AA7A7254D0F4E009128DB /* Release */ = {
			isa = XCBuildConfiguration;
			baseConfigurationReference = 3C7C7318246D1FC41E612546 /* Pods-SwiftFRP.release.xcconfig */;
			buildSettings = {
				ASSETCATALOG_COMPILER_APPICON_NAME = AppIcon;
				ASSETCATALOG_COMPILER_GLOBAL_ACCENT_COLOR_NAME = AccentColor;
				CODE_SIGN_STYLE = Automatic;
				DEVELOPMENT_ASSET_PATHS = "\"SwiftFRP/Preview Content\"";
				DEVELOPMENT_TEAM = 7AV259SP85;
				ENABLE_PREVIEWS = YES;
				INFOPLIST_FILE = SwiftFRP/Info.plist;
				LD_RUNPATH_SEARCH_PATHS = (
					"$(inherited)",
					"@executable_path/Frameworks",
				);
				PRODUCT_BUNDLE_IDENTIFIER = hitit.SwiftFRP;
				PRODUCT_NAME = "$(TARGET_NAME)";
				SWIFT_VERSION = 5.0;
				TARGETED_DEVICE_FAMILY = "1,2";
			};
			name = Release;
		};
/* End XCBuildConfiguration section */

/* Begin XCConfigurationList section */
		784AA78C254D0F4D009128DB /* Build configuration list for PBXProject "SwiftFRP" */ = {
			isa = XCConfigurationList;
			buildConfigurations = (
				784AA7A3254D0F4E009128DB /* Debug */,
				784AA7A4254D0F4E009128DB /* Release */,
			);
			defaultConfigurationIsVisible = 0;
			defaultConfigurationName = Release;
		};
		784AA7A5254D0F4E009128DB /* Build configuration list for PBXNativeTarget "SwiftFRP" */ = {
			isa = XCConfigurationList;
			buildConfigurations = (
				784AA7A6254D0F4E009128DB /* Debug */,
				784AA7A7254D0F4E009128DB /* Release */,
			);
			defaultConfigurationIsVisible = 0;
			defaultConfigurationName = Release;
		};
/* End XCConfigurationList section */
	};
	rootObject = 784AA789254D0F4D009128DB /* Project object */;
}
